
Microsoft Visual Studio Solution File, Format Version 12.00
# Visual Studio Version 16
VisualStudioVersion = 16.0.32106.194
MinimumVisualStudioVersion = 10.0.40219.1
Project("{9A19103F-16F7-4668-BE54-9A1E7A4F7556}") = "CSBasico.Curso07", "CSBasico.Curso07\CSBasico.Curso07.csproj", "{4E546A19-E471-44C6-BBCF-292A54F6B78E}"
EndProject
Project("{9A19103F-16F7-4668-BE54-9A1E7A4F7556}") = "CSBasico.Curso06", "CSBasico.Curso06\CSBasico.Curso06.csproj", "{0B16FB5F-81E2-4831-8A95-9658B38089F7}"
EndProject
Project("{9A19103F-16F7-4668-BE54-9A1E7A4F7556}") = "CSBasico.Curso08", "CSBasico.Curso08\CSBasico.Curso08.csproj", "{9DBF051B-B2FF-4059-8FAF-052D54419364}"
EndProject
Global
	GlobalSection(SolutionConfigurationPlatforms) = preSolution
		Debug|Any CPU = Debug|Any CPU
		Release|Any CPU = Release|Any CPU
	EndGlobalSection
	GlobalSection(ProjectConfigurationPlatforms) = postSolution
		{4E546A19-E471-44C6-BBCF-292A54F6B78E}.Debug|Any CPU.ActiveCfg = Debug|Any CPU
		{4E546A19-E471-44C6-BBCF-292A54F6B78E}.Debug|Any CPU.Build.0 = Debug|Any CPU
		{4E546A19-E471-44C6-BBCF-292A54F6B78E}.Release|Any CPU.ActiveCfg = Release|Any CPU
		{4E546A19-E471-44C6-BBCF-292A54F6B78E}.Release|Any CPU.Build.0 = Release|Any CPU
		{0B16FB5F-81E2-4831-8A95-9658B38089F7}.Debug|Any CPU.ActiveCfg = Debug|Any CPU
		{0B16FB5F-81E2-4831-8A95-9658B38089F7}.Debug|Any CPU.Build.0 = Debug|Any CPU
		{0B16FB5F-81E2-4831-8A95-9658B38089F7}.Release|Any CPU.ActiveCfg = Release|Any CPU
		{0B16FB5F-81E2-4831-8A95-9658B38089F7}.Release|Any CPU.Build.0 = Release|Any CPU
		{9DBF051B-B2FF-4059-8FAF-052D54419364}.Debug|Any CPU.ActiveCfg = Debug|Any CPU
		{9DBF051B-B2FF-4059-8FAF-052D54419364}.Debug|Any CPU.Build.0 = Debug|Any CPU
		{9DBF051B-B2FF-4059-8FAF-052D54419364}.Release|Any CPU.ActiveCfg = Release|Any CPU
		{9DBF051B-B2FF-4059-8FAF-052D54419364}.Release|Any CPU.Build.0 = Release|Any CPU
	EndGlobalSection
	GlobalSection(SolutionProperties) = preSolution
		HideSolutionNode = FALSE
	EndGlobalSection
	GlobalSection(ExtensibilityGlobals) = postSolution
		SolutionGuid = {EC0239F3-4A2C-4EF2-9F34-8257EF644CCC}
	EndGlobalSection
EndGlobal
